// !$*UTF8*$!
{
	archiveVersion = 1;
	classes = {
	};
	objectVersion = 54;
	objects = {

/* Begin PBXBuildFile section */
		7B28AA8925C0AC8B00AE9642 /* beep.mp3 in Resources */ = {isa = PBXBuildFile; fileRef = 7B28AA8825C0AC8B00AE9642 /* beep.mp3 */; };
		7B3F01CA25812DAD00C789BD /* ChatsViewController.swift in Sources */ = {isa = PBXBuildFile; fileRef = 7B3F01C925812DAD00C789BD /* ChatsViewController.swift */; };
		7B403F1B25B6FB1C0099BD28 /* UIImage + Extension.swift in Sources */ = {isa = PBXBuildFile; fileRef = 7B403F1A25B6FB1C0099BD28 /* UIImage + Extension.swift */; };
		7B545E3B25D9327A00876750 /* LaunchScreenViewController.swift in Sources */ = {isa = PBXBuildFile; fileRef = 7B545E3A25D9327A00876750 /* LaunchScreenViewController.swift */; };
		7B5676E725D2F6D500CC69B2 /* UserSettings.swift in Sources */ = {isa = PBXBuildFile; fileRef = 7B5676E625D2F6D500CC69B2 /* UserSettings.swift */; };
		7B9828D32581141600C43106 /* AppDelegate.swift in Sources */ = {isa = PBXBuildFile; fileRef = 7B9828D22581141600C43106 /* AppDelegate.swift */; };
		7B9828D52581141600C43106 /* SceneDelegate.swift in Sources */ = {isa = PBXBuildFile; fileRef = 7B9828D42581141600C43106 /* SceneDelegate.swift */; };
		7B9828DC2581141700C43106 /* Assets.xcassets in Resources */ = {isa = PBXBuildFile; fileRef = 7B9828DB2581141700C43106 /* Assets.xcassets */; };
		7B9DA272260CA36D0013C5B8 /* UIScrollView + Extension.swift in Sources */ = {isa = PBXBuildFile; fileRef = 7B9DA271260CA36D0013C5B8 /* UIScrollView + Extension.swift */; };
		7BB06A832582641B00E94847 /* MMessage.swift in Sources */ = {isa = PBXBuildFile; fileRef = 7BB06A822582641B00E94847 /* MMessage.swift */; };
		7BBBD78525B8913E002F0B65 /* UIButton + Extension.swift in Sources */ = {isa = PBXBuildFile; fileRef = 7BBBD78425B8913E002F0B65 /* UIButton + Extension.swift */; };
		7BBBD78825B8918C002F0B65 /* UIFont + Extension.swift in Sources */ = {isa = PBXBuildFile; fileRef = 7BBBD78725B8918C002F0B65 /* UIFont + Extension.swift */; };
		7BBBD78B25B89341002F0B65 /* StackView + Extension.swift in Sources */ = {isa = PBXBuildFile; fileRef = 7BBBD78A25B89341002F0B65 /* StackView + Extension.swift */; };
		7BD57BED25DAEC0D0016CC91 /* Launch Screen.storyboard in Resources */ = {isa = PBXBuildFile; fileRef = 7BD57BEC25DAEC0D0016CC91 /* Launch Screen.storyboard */; };
		7BE2433725838F1F00BBEB5A /* Person.swift in Sources */ = {isa = PBXBuildFile; fileRef = 7BE2433625838F1F00BBEB5A /* Person.swift */; };
		7BE2433A25838F8900BBEB5A /* Dialog.swift in Sources */ = {isa = PBXBuildFile; fileRef = 7BE2433925838F8900BBEB5A /* Dialog.swift */; };
		CD922F20D874490BF96BCC63 /* Pods_Kolobok.framework in Frameworks */ = {isa = PBXBuildFile; fileRef = AB2ED3CB3AF2C81EDF8AD40C /* Pods_Kolobok.framework */; };
/* End PBXBuildFile section */

/* Begin PBXFileReference section */
		00A4ED10069843848ED55A65 /* Pods-Kolobok.debug.xcconfig */ = {isa = PBXFileReference; includeInIndex = 1; lastKnownFileType = text.xcconfig; name = "Pods-Kolobok.debug.xcconfig"; path = "Target Support Files/Pods-Kolobok/Pods-Kolobok.debug.xcconfig"; sourceTree = "<group>"; };
		71A0DD24ABF54B07691C6436 /* Pods-Kolobok.release.xcconfig */ = {isa = PBXFileReference; includeInIndex = 1; lastKnownFileType = text.xcconfig; name = "Pods-Kolobok.release.xcconfig"; path = "Target Support Files/Pods-Kolobok/Pods-Kolobok.release.xcconfig"; sourceTree = "<group>"; };
		7B28AA8825C0AC8B00AE9642 /* beep.mp3 */ = {isa = PBXFileReference; lastKnownFileType = audio.mp3; path = beep.mp3; sourceTree = SOURCE_ROOT; };
		7B3F01C925812DAD00C789BD /* ChatsViewController.swift */ = {isa = PBXFileReference; lastKnownFileType = sourcecode.swift; path = ChatsViewController.swift; sourceTree = "<group>"; };
		7B403F1A25B6FB1C0099BD28 /* UIImage + Extension.swift */ = {isa = PBXFileReference; lastKnownFileType = sourcecode.swift; path = "UIImage + Extension.swift"; sourceTree = "<group>"; };
		7B545E3A25D9327A00876750 /* LaunchScreenViewController.swift */ = {isa = PBXFileReference; lastKnownFileType = sourcecode.swift; path = LaunchScreenViewController.swift; sourceTree = "<group>"; };
		7B5676E625D2F6D500CC69B2 /* UserSettings.swift */ = {isa = PBXFileReference; lastKnownFileType = sourcecode.swift; path = UserSettings.swift; sourceTree = "<group>"; };
		7B9828CF2581141600C43106 /* Kolobok.app */ = {isa = PBXFileReference; explicitFileType = wrapper.application; includeInIndex = 0; path = Kolobok.app; sourceTree = BUILT_PRODUCTS_DIR; };
		7B9828D22581141600C43106 /* AppDelegate.swift */ = {isa = PBXFileReference; lastKnownFileType = sourcecode.swift; path = AppDelegate.swift; sourceTree = "<group>"; };
		7B9828D42581141600C43106 /* SceneDelegate.swift */ = {isa = PBXFileReference; lastKnownFileType = sourcecode.swift; path = SceneDelegate.swift; sourceTree = "<group>"; };
		7B9828DB2581141700C43106 /* Assets.xcassets */ = {isa = PBXFileReference; lastKnownFileType = folder.assetcatalog; path = Assets.xcassets; sourceTree = "<group>"; };
		7B9828E02581141700C43106 /* Info.plist */ = {isa = PBXFileReference; lastKnownFileType = text.plist.xml; path = Info.plist; sourceTree = "<group>"; };
		7B9DA271260CA36D0013C5B8 /* UIScrollView + Extension.swift */ = {isa = PBXFileReference; lastKnownFileType = sourcecode.swift; path = "UIScrollView + Extension.swift"; sourceTree = "<group>"; };
		7BB06A822582641B00E94847 /* MMessage.swift */ = {isa = PBXFileReference; lastKnownFileType = sourcecode.swift; path = MMessage.swift; sourceTree = "<group>"; };
		7BBBD78425B8913E002F0B65 /* UIButton + Extension.swift */ = {isa = PBXFileReference; lastKnownFileType = sourcecode.swift; path = "UIButton + Extension.swift"; sourceTree = "<group>"; };
		7BBBD78725B8918C002F0B65 /* UIFont + Extension.swift */ = {isa = PBXFileReference; lastKnownFileType = sourcecode.swift; path = "UIFont + Extension.swift"; sourceTree = "<group>"; };
		7BBBD78A25B89341002F0B65 /* StackView + Extension.swift */ = {isa = PBXFileReference; lastKnownFileType = sourcecode.swift; path = "StackView + Extension.swift"; sourceTree = "<group>"; };
		7BD57BEC25DAEC0D0016CC91 /* Launch Screen.storyboard */ = {isa = PBXFileReference; lastKnownFileType = file.storyboard; path = "Launch Screen.storyboard"; sourceTree = "<group>"; };
		7BE2433625838F1F00BBEB5A /* Person.swift */ = {isa = PBXFileReference; lastKnownFileType = sourcecode.swift; path = Person.swift; sourceTree = "<group>"; };
		7BE2433925838F8900BBEB5A /* Dialog.swift */ = {isa = PBXFileReference; lastKnownFileType = sourcecode.swift; path = Dialog.swift; sourceTree = "<group>"; };
		AB2ED3CB3AF2C81EDF8AD40C /* Pods_Kolobok.framework */ = {isa = PBXFileReference; explicitFileType = wrapper.framework; includeInIndex = 0; path = Pods_Kolobok.framework; sourceTree = BUILT_PRODUCTS_DIR; };
/* End PBXFileReference section */

/* Begin PBXFrameworksBuildPhase section */
		7B9828CC2581141600C43106 /* Frameworks */ = {
			isa = PBXFrameworksBuildPhase;
			buildActionMask = 2147483647;
			files = (
				CD922F20D874490BF96BCC63 /* Pods_Kolobok.framework in Frameworks */,
			);
			runOnlyForDeploymentPostprocessing = 0;
		};
/* End PBXFrameworksBuildPhase section */

/* Begin PBXGroup section */
		72C07F9D0BA49D8EA34E7570 /* Frameworks */ = {
			isa = PBXGroup;
			children = (
				AB2ED3CB3AF2C81EDF8AD40C /* Pods_Kolobok.framework */,
			);
			name = Frameworks;
			sourceTree = "<group>";
		};
		7B124A5125BF2908008D0487 /* Extension */ = {
			isa = PBXGroup;
			children = (
				7BBBD78425B8913E002F0B65 /* UIButton + Extension.swift */,
				7B9DA271260CA36D0013C5B8 /* UIScrollView + Extension.swift */,
				7BBBD78A25B89341002F0B65 /* StackView + Extension.swift */,
				7BBBD78725B8918C002F0B65 /* UIFont + Extension.swift */,
				7B403F1A25B6FB1C0099BD28 /* UIImage + Extension.swift */,
			);
			name = Extension;
			sourceTree = "<group>";
		};
		7B9828C62581141600C43106 = {
			isa = PBXGroup;
			children = (
				7B9828D12581141600C43106 /* Kolobok */,
				7B9828D02581141600C43106 /* Products */,
				72C07F9D0BA49D8EA34E7570 /* Frameworks */,
				CD5664F9F205D2BAEE218A7C /* Pods */,
			);
			sourceTree = "<group>";
		};
		7B9828D02581141600C43106 /* Products */ = {
			isa = PBXGroup;
			children = (
				7B9828CF2581141600C43106 /* Kolobok.app */,
			);
			name = Products;
			sourceTree = "<group>";
		};
		7B9828D12581141600C43106 /* Kolobok */ = {
			isa = PBXGroup;
			children = (
				7B9828D22581141600C43106 /* AppDelegate.swift */,
				7B9828D42581141600C43106 /* SceneDelegate.swift */,
				7B545E3A25D9327A00876750 /* LaunchScreenViewController.swift */,
				7B3F01C925812DAD00C789BD /* ChatsViewController.swift */,
				7BE2433625838F1F00BBEB5A /* Person.swift */,
				7B5676E625D2F6D500CC69B2 /* UserSettings.swift */,
				7BE2433925838F8900BBEB5A /* Dialog.swift */,
				7B124A5125BF2908008D0487 /* Extension */,
				7B9828DB2581141700C43106 /* Assets.xcassets */,
				7BD57BEC25DAEC0D0016CC91 /* Launch Screen.storyboard */,
				7B28AA8825C0AC8B00AE9642 /* beep.mp3 */,
				7BB06A822582641B00E94847 /* MMessage.swift */,
				7B9828E02581141700C43106 /* Info.plist */,
			);
			path = Kolobok;
			sourceTree = "<group>";
		};
		CD5664F9F205D2BAEE218A7C /* Pods */ = {
			isa = PBXGroup;
			children = (
				00A4ED10069843848ED55A65 /* Pods-Kolobok.debug.xcconfig */,
				71A0DD24ABF54B07691C6436 /* Pods-Kolobok.release.xcconfig */,
			);
			path = Pods;
			sourceTree = "<group>";
		};
/* End PBXGroup section */

/* Begin PBXNativeTarget section */
		7B9828CE2581141600C43106 /* Kolobok */ = {
			isa = PBXNativeTarget;
			buildConfigurationList = 7B9828E32581141700C43106 /* Build configuration list for PBXNativeTarget "Kolobok" */;
			buildPhases = (
				38C8DD6B3DEBF070A0953BF2 /* [CP] Check Pods Manifest.lock */,
				7B9828CB2581141600C43106 /* Sources */,
				7B9828CC2581141600C43106 /* Frameworks */,
				7B9828CD2581141600C43106 /* Resources */,
				9A98EE790D6184EADA3B4C74 /* [CP] Embed Pods Frameworks */,
			);
			buildRules = (
			);
			dependencies = (
			);
			name = Kolobok;
			productName = Kolobok;
			productReference = 7B9828CF2581141600C43106 /* Kolobok.app */;
			productType = "com.apple.product-type.application";
		};
/* End PBXNativeTarget section */

/* Begin PBXProject section */
		7B9828C72581141600C43106 /* Project object */ = {
			isa = PBXProject;
			attributes = {
				LastSwiftUpdateCheck = 1220;
				LastUpgradeCheck = 1220;
				TargetAttributes = {
					7B9828CE2581141600C43106 = {
						CreatedOnToolsVersion = 12.2;
					};
				};
			};
			buildConfigurationList = 7B9828CA2581141600C43106 /* Build configuration list for PBXProject "Kolobok" */;
			compatibilityVersion = "Xcode 12.0";
			developmentRegion = en;
			hasScannedForEncodings = 0;
			knownRegions = (
				en,
				Base,
			);
			mainGroup = 7B9828C62581141600C43106;
			productRefGroup = 7B9828D02581141600C43106 /* Products */;
			projectDirPath = "";
			projectRoot = "";
			targets = (
				7B9828CE2581141600C43106 /* Kolobok */,
			);
		};
/* End PBXProject section */

/* Begin PBXResourcesBuildPhase section */
		7B9828CD2581141600C43106 /* Resources */ = {
			isa = PBXResourcesBuildPhase;
			buildActionMask = 2147483647;
			files = (
				7BD57BED25DAEC0D0016CC91 /* Launch Screen.storyboard in Resources */,
				7B9828DC2581141700C43106 /* Assets.xcassets in Resources */,
				7B28AA8925C0AC8B00AE9642 /* beep.mp3 in Resources */,
			);
			runOnlyForDeploymentPostprocessing = 0;
		};
/* End PBXResourcesBuildPhase section */

/* Begin PBXShellScriptBuildPhase section */
		38C8DD6B3DEBF070A0953BF2 /* [CP] Check Pods Manifest.lock */ = {
			isa = PBXShellScriptBuildPhase;
			buildActionMask = 2147483647;
			files = (
			);
			inputFileListPaths = (
			);
			inputPaths = (
				"${PODS_PODFILE_DIR_PATH}/Podfile.lock",
				"${PODS_ROOT}/Manifest.lock",
			);
			name = "[CP] Check Pods Manifest.lock";
			outputFileListPaths = (
			);
			outputPaths = (
				"$(DERIVED_FILE_DIR)/Pods-Kolobok-checkManifestLockResult.txt",
			);
			runOnlyForDeploymentPostprocessing = 0;
			shellPath = /bin/sh;
			shellScript = "diff \"${PODS_PODFILE_DIR_PATH}/Podfile.lock\" \"${PODS_ROOT}/Manifest.lock\" > /dev/null\nif [ $? != 0 ] ; then\n    # print error to STDERR\n    echo \"error: The sandbox is not in sync with the Podfile.lock. Run 'pod install' or update your CocoaPods installation.\" >&2\n    exit 1\nfi\n# This output is used by Xcode 'outputs' to avoid re-running this script phase.\necho \"SUCCESS\" > \"${SCRIPT_OUTPUT_FILE_0}\"\n";
			showEnvVarsInLog = 0;
		};
		9A98EE790D6184EADA3B4C74 /* [CP] Embed Pods Frameworks */ = {
			isa = PBXShellScriptBuildPhase;
			buildActionMask = 2147483647;
			files = (
			);
			inputFileListPaths = (
				"${PODS_ROOT}/Target Support Files/Pods-Kolobok/Pods-Kolobok-frameworks-${CONFIGURATION}-input-files.xcfilelist",
			);
			name = "[CP] Embed Pods Frameworks";
			outputFileListPaths = (
				"${PODS_ROOT}/Target Support Files/Pods-Kolobok/Pods-Kolobok-frameworks-${CONFIGURATION}-output-files.xcfilelist",
			);
			runOnlyForDeploymentPostprocessing = 0;
			shellPath = /bin/sh;
			shellScript = "\"${PODS_ROOT}/Target Support Files/Pods-Kolobok/Pods-Kolobok-frameworks.sh\"\n";
			showEnvVarsInLog = 0;
		};
/* End PBXShellScriptBuildPhase section */

/* Begin PBXSourcesBuildPhase section */
		7B9828CB2581141600C43106 /* Sources */ = {
			isa = PBXSourcesBuildPhase;
			buildActionMask = 2147483647;
			files = (
				7BBBD78825B8918C002F0B65 /* UIFont + Extension.swift in Sources */,
				7B403F1B25B6FB1C0099BD28 /* UIImage + Extension.swift in Sources */,
				7BE2433725838F1F00BBEB5A /* Person.swift in Sources */,
				7B9828D32581141600C43106 /* AppDelegate.swift in Sources */,
				7B3F01CA25812DAD00C789BD /* ChatsViewController.swift in Sources */,
				7BE2433A25838F8900BBEB5A /* Dialog.swift in Sources */,
				7B9828D52581141600C43106 /* SceneDelegate.swift in Sources */,
				7BB06A832582641B00E94847 /* MMessage.swift in Sources */,
				7B545E3B25D9327A00876750 /* LaunchScreenViewController.swift in Sources */,
				7BBBD78525B8913E002F0B65 /* UIButton + Extension.swift in Sources */,
				7B9DA272260CA36D0013C5B8 /* UIScrollView + Extension.swift in Sources */,
				7BBBD78B25B89341002F0B65 /* StackView + Extension.swift in Sources */,
				7B5676E725D2F6D500CC69B2 /* UserSettings.swift in Sources */,
			);
			runOnlyForDeploymentPostprocessing = 0;
		};
/* End PBXSourcesBuildPhase section */

/* Begin XCBuildConfiguration section */
		7B9828E12581141700C43106 /* Debug */ = {
			isa = XCBuildConfiguration;
			buildSettings = {
				ALWAYS_SEARCH_USER_PATHS = NO;
				CLANG_ANALYZER_NONNULL = YES;
				CLANG_ANALYZER_NUMBER_OBJECT_CONVERSION = YES_AGGRESSIVE;
				CLANG_CXX_LANGUAGE_STANDARD = "gnu++14";
				CLANG_CXX_LIBRARY = "libc++";
				CLANG_ENABLE_MODULES = YES;
				CLANG_ENABLE_OBJC_ARC = YES;
				CLANG_ENABLE_OBJC_WEAK = YES;
				CLANG_WARN_BLOCK_CAPTURE_AUTORELEASING = YES;
				CLANG_WARN_BOOL_CONVERSION = YES;
				CLANG_WARN_COMMA = YES;
				CLANG_WARN_CONSTANT_CONVERSION = YES;
				CLANG_WARN_DEPRECATED_OBJC_IMPLEMENTATIONS = YES;
				CLANG_WARN_DIRECT_OBJC_ISA_USAGE = YES_ERROR;
				CLANG_WARN_DOCUMENTATION_COMMENTS = YES;
				CLANG_WARN_EMPTY_BODY = YES;
				CLANG_WARN_ENUM_CONVERSION = YES;
				CLANG_WARN_INFINITE_RECURSION = YES;
				CLANG_WARN_INT_CONVERSION = YES;
				CLANG_WARN_NON_LITERAL_NULL_CONVERSION = YES;
				CLANG_WARN_OBJC_IMPLICIT_RETAIN_SELF = YES;
				CLANG_WARN_OBJC_LITERAL_CONVERSION = YES;
				CLANG_WARN_OBJC_ROOT_CLASS = YES_ERROR;
				CLANG_WARN_QUOTED_INCLUDE_IN_FRAMEWORK_HEADER = YES;
				CLANG_WARN_RANGE_LOOP_ANALYSIS = YES;
				CLANG_WARN_STRICT_PROTOTYPES = YES;
				CLANG_WARN_SUSPICIOUS_MOVE = YES;
				CLANG_WARN_UNGUARDED_AVAILABILITY = YES_AGGRESSIVE;
				CLANG_WARN_UNREACHABLE_CODE = YES;
				CLANG_WARN__DUPLICATE_METHOD_MATCH = YES;
				COPY_PHASE_STRIP = NO;
				DEBUG_INFORMATION_FORMAT = dwarf;
				ENABLE_STRICT_OBJC_MSGSEND = YES;
				ENABLE_TESTABILITY = YES;
				GCC_C_LANGUAGE_STANDARD = gnu11;
				GCC_DYNAMIC_NO_PIC = NO;
				GCC_NO_COMMON_BLOCKS = YES;
				GCC_OPTIMIZATION_LEVEL = 0;
				GCC_PREPROCESSOR_DEFINITIONS = (
					"DEBUG=1",
					"$(inherited)",
				);
				GCC_WARN_64_TO_32_BIT_CONVERSION = YES;
				GCC_WARN_ABOUT_RETURN_TYPE = YES_ERROR;
				GCC_WARN_UNDECLARED_SELECTOR = YES;
				GCC_WARN_UNINITIALIZED_AUTOS = YES_AGGRESSIVE;
				GCC_WARN_UNUSED_FUNCTION = YES;
				GCC_WARN_UNUSED_VARIABLE = YES;
				IPHONEOS_DEPLOYMENT_TARGET = 14.2;
				MTL_ENABLE_DEBUG_INFO = INCLUDE_SOURCE;
				MTL_FAST_MATH = YES;
				ONLY_ACTIVE_ARCH = YES;
				SDKROOT = iphoneos;
				SWIFT_ACTIVE_COMPILATION_CONDITIONS = DEBUG;
				SWIFT_OPTIMIZATION_LEVEL = "-Onone";
			};
			name = Debug;
		};
		7B9828E22581141700C43106 /* Release */ = {
			isa = XCBuildConfiguration;
			buildSettings = {
				ALWAYS_SEARCH_USER_PATHS = NO;
				CLANG_ANALYZER_NONNULL = YES;
				CLANG_ANALYZER_NUMBER_OBJECT_CONVERSION = YES_AGGRESSIVE;
				CLANG_CXX_LANGUAGE_STANDARD = "gnu++14";
				CLANG_CXX_LIBRARY = "libc++";
				CLANG_ENABLE_MODULES = YES;
				CLANG_ENABLE_OBJC_ARC = YES;
				CLANG_ENABLE_OBJC_WEAK = YES;
				CLANG_WARN_BLOCK_CAPTURE_AUTORELEASING = YES;
				CLANG_WARN_BOOL_CONVERSION = YES;
				CLANG_WARN_COMMA = YES;
				CLANG_WARN_CONSTANT_CONVERSION = YES;
				CLANG_WARN_DEPRECATED_OBJC_IMPLEMENTATIONS = YES;
				CLANG_WARN_DIRECT_OBJC_ISA_USAGE = YES_ERROR;
				CLANG_WARN_DOCUMENTATION_COMMENTS = YES;
				CLANG_WARN_EMPTY_BODY = YES;
				CLANG_WARN_ENUM_CONVERSION = YES;
				CLANG_WARN_INFINITE_RECURSION = YES;
				CLANG_WARN_INT_CONVERSION = YES;
				CLANG_WARN_NON_LITERAL_NULL_CONVERSION = YES;
				CLANG_WARN_OBJC_IMPLICIT_RETAIN_SELF = YES;
				CLANG_WARN_OBJC_LITERAL_CONVERSION = YES;
				CLANG_WARN_OBJC_ROOT_CLASS = YES_ERROR;
				CLANG_WARN_QUOTED_INCLUDE_IN_FRAMEWORK_HEADER = YES;
				CLANG_WARN_RANGE_LOOP_ANALYSIS = YES;
				CLANG_WARN_STRICT_PROTOTYPES = YES;
				CLANG_WARN_SUSPICIOUS_MOVE = YES;
				CLANG_WARN_UNGUARDED_AVAILABILITY = YES_AGGRESSIVE;
				CLANG_WARN_UNREACHABLE_CODE = YES;
				CLANG_WARN__DUPLICATE_METHOD_MATCH = YES;
				COPY_PHASE_STRIP = NO;
				DEBUG_INFORMATION_FORMAT = "dwarf-with-dsym";
				ENABLE_NS_ASSERTIONS = NO;
				ENABLE_STRICT_OBJC_MSGSEND = YES;
				GCC_C_LANGUAGE_STANDARD = gnu11;
				GCC_NO_COMMON_BLOCKS = YES;
				GCC_WARN_64_TO_32_BIT_CONVERSION = YES;
				GCC_WARN_ABOUT_RETURN_TYPE = YES_ERROR;
				GCC_WARN_UNDECLARED_SELECTOR = YES;
				GCC_WARN_UNINITIALIZED_AUTOS = YES_AGGRESSIVE;
				GCC_WARN_UNUSED_FUNCTION = YES;
				GCC_WARN_UNUSED_VARIABLE = YES;
				IPHONEOS_DEPLOYMENT_TARGET = 14.2;
				MTL_ENABLE_DEBUG_INFO = NO;
				MTL_FAST_MATH = YES;
				SDKROOT = iphoneos;
				SWIFT_COMPILATION_MODE = wholemodule;
				SWIFT_OPTIMIZATION_LEVEL = "-O";
				VALIDATE_PRODUCT = YES;
			};
			name = Release;
		};
		7B9828E42581141700C43106 /* Debug */ = {
			isa = XCBuildConfiguration;
			baseConfigurationReference = 00A4ED10069843848ED55A65 /* Pods-Kolobok.debug.xcconfig */;
			buildSettings = {
				ASSETCATALOG_COMPILER_APPICON_NAME = AppIcon;
				ASSETCATALOG_COMPILER_GLOBAL_ACCENT_COLOR_NAME = AccentColor;
				CODE_SIGN_IDENTITY = "Apple Development";
				CODE_SIGN_STYLE = Automatic;
				DEVELOPMENT_TEAM = CQP6985QX3;
				INFOPLIST_FILE = Kolobok/Info.plist;
				IPHONEOS_DEPLOYMENT_TARGET = 14.2;
				LD_RUNPATH_SEARCH_PATHS = (
					"$(inherited)",
					"@executable_path/Frameworks",
				);
				PRODUCT_BUNDLE_IDENTIFIER = Blackwood.Kolobok;
				PRODUCT_NAME = "$(TARGET_NAME)";
				PROVISIONING_PROFILE_SPECIFIER = "";
				SWIFT_VERSION = 5.0;
				TARGETED_DEVICE_FAMILY = "1,2";
			};
			name = Debug;
		};
		7B9828E52581141700C43106 /* Release */ = {
			isa = XCBuildConfiguration;
			baseConfigurationReference = 71A0DD24ABF54B07691C6436 /* Pods-Kolobok.release.xcconfig */;
			buildSettings = {
				ASSETCATALOG_COMPILER_APPICON_NAME = AppIcon;
				ASSETCATALOG_COMPILER_GLOBAL_ACCENT_COLOR_NAME = AccentColor;
				CODE_SIGN_IDENTITY = "Apple Development";
				CODE_SIGN_STYLE = Automatic;
				DEVELOPMENT_TEAM = CQP6985QX3;
				INFOPLIST_FILE = Kolobok/Info.plist;
				IPHONEOS_DEPLOYMENT_TARGET = 14.2;
				LD_RUNPATH_SEARCH_PATHS = (
					"$(inherited)",
					"@executable_path/Frameworks",
				);
				PRODUCT_BUNDLE_IDENTIFIER = Blackwood.Kolobok;
				PRODUCT_NAME = "$(TARGET_NAME)";
				PROVISIONING_PROFILE_SPECIFIER = "";
				SWIFT_VERSION = 5.0;
				TARGETED_DEVICE_FAMILY = "1,2";
			};
			name = Release;
		};
/* End XCBuildConfiguration section */

/* Begin XCConfigurationList section */
		7B9828CA2581141600C43106 /* Build configuration list for PBXProject "Kolobok" */ = {
			isa = XCConfigurationList;
			buildConfigurations = (
				7B9828E12581141700C43106 /* Debug */,
				7B9828E22581141700C43106 /* Release */,
			);
			defaultConfigurationIsVisible = 0;
			defaultConfigurationName = Release;
		};
		7B9828E32581141700C43106 /* Build configuration list for PBXNativeTarget "Kolobok" */ = {
			isa = XCConfigurationList;
			buildConfigurations = (
				7B9828E42581141700C43106 /* Debug */,
				7B9828E52581141700C43106 /* Release */,
			);
			defaultConfigurationIsVisible = 0;
			defaultConfigurationName = Release;
		};
/* End XCConfigurationList section */
	};
	rootObject = 7B9828C72581141600C43106 /* Project object */;
}
